<?xml version="1.0" encoding="utf-8"?>
<Project ToolsVersion="4.0" xmlns="http://schemas.microsoft.com/developer/msbuild/2003">
  <ItemGroup>
    <Filter Include="dependencies">
      <UniqueIdentifier>{8CAD9F58-7810-2FFD-2196-67B30DD8FA7F}</UniqueIdentifier>
    </Filter>
    <Filter Include="dependencies\SDL2">
      <UniqueIdentifier>{7033876A-DC49-8500-25C1-102291165688}</UniqueIdentifier>
    </Filter>
    <Filter Include="dependencies\SDL2\include">
      <UniqueIdentifier>{E3CA08BD-4F8D-3C47-983D-CBD3043F1525}</UniqueIdentifier>
    </Filter>
    <Filter Include="dependencies\SDL2\include\SDL2">
      <UniqueIdentifier>{273F1B69-1365-E5CF-FCAA-6A9BE86F0A9C}</UniqueIdentifier>
    </Filter>
  </ItemGroup>
  <ItemGroup>
    <ClInclude Include="src\ChessPiece.h" />
    <ClInclude Include="src\Game.h" />
    <ClInclude Include="src\TextureManager.h" />
    <ClInclude Include="src\ChessBoard.h" />
  </ItemGroup>
  <ItemGroup>
    <ClCompile Include="src\ChessPiece.cpp" />
    <ClCompile Include="src\Game.cpp" />
    <ClCompile Include="src\TextureManager.cpp" />
    <ClCompile Include="src\main.cpp" />
    <ClCompile Include="src\ChessBoard.cpp" />
  </ItemGroup>
</Project>